
Microsoft Visual Studio Solution File, Format Version 12.00
# Visual Studio Version 17
VisualStudioVersion = 17.6.33723.286
MinimumVisualStudioVersion = 10.0.40219.1
Project("{FAE04EC0-301F-11D3-BF4B-00C04F79EFBC}") = "TicTacToe", "TicTacToe.csproj", "{2A803AE4-6B35-4789-9312-5555C7E92B9B}"
EndProject
Global
	GlobalSection(SolutionConfigurationPlatforms) = preSolution
		Debug|Any CPU = Debug|Any CPU
		Release|Any CPU = Release|Any CPU
	EndGlobalSection
	GlobalSection(ProjectConfigurationPlatforms) = postSolution
		{2A803AE4-6B35-4789-9312-5555C7E92B9B}.Debug|Any CPU.ActiveCfg = Debug|Any CPU
		{2A803AE4-6B35-4789-9312-5555C7E92B9B}.Debug|Any CPU.Build.0 = Debug|Any CPU
		{2A803AE4-6B35-4789-9312-5555C7E92B9B}.Release|Any CPU.ActiveCfg = Release|Any CPU
		{2A803AE4-6B35-4789-9312-5555C7E92B9B}.Release|Any CPU.Build.0 = Release|Any CPU
	EndGlobalSection
	GlobalSection(SolutionProperties) = preSolution
		HideSolutionNode = FALSE
	EndGlobalSection
	GlobalSection(ExtensibilityGlobals) = postSolution
		SolutionGuid = {873376BA-F071-464A-95A4-976B956EFB67}
	EndGlobalSection
EndGlobal
